
Microsoft Visual Studio Solution File, Format Version 12.00
# Visual Studio Version 17
VisualStudioVersion = 17.0.31903.59
MinimumVisualStudioVersion = 10.0.40219.1
Project("{FAE04EC0-301F-11D3-BF4B-00C04F79EFBC}") = "TVAnime", "TVAnime\TVAnime.csproj", "{0A0B9966-CAC1-4F09-8315-228A634FC051}"
EndProject
Global
	GlobalSection(SolutionConfigurationPlatforms) = preSolution
		Debug|Any CPU = Debug|Any CPU
		Release|Any CPU = Release|Any CPU
	EndGlobalSection
	GlobalSection(ProjectConfigurationPlatforms) = postSolution
		{0A0B9966-CAC1-4F09-8315-228A634FC051}.Debug|Any CPU.ActiveCfg = Debug|Any CPU
		{0A0B9966-CAC1-4F09-8315-228A634FC051}.Debug|Any CPU.Build.0 = Debug|Any CPU
		{0A0B9966-CAC1-4F09-8315-228A634FC051}.Debug|Any CPU.Deploy.0 = Debug|Any CPU
		{0A0B9966-CAC1-4F09-8315-228A634FC051}.Release|Any CPU.ActiveCfg = Release|Any CPU
		{0A0B9966-CAC1-4F09-8315-228A634FC051}.Release|Any CPU.Build.0 = Release|Any CPU
		{0A0B9966-CAC1-4F09-8315-228A634FC051}.Release|Any CPU.Deploy.0 = Release|Any CPU
	EndGlobalSection
	GlobalSection(SolutionProperties) = preSolution
		HideSolutionNode = FALSE
	EndGlobalSection
	GlobalSection(ExtensibilityGlobals) = postSolution
		SolutionGuid = {688B04C8-B750-42C3-9136-9DC93A49089A}
	EndGlobalSection
EndGlobal
